
Microsoft Visual Studio Solution File, Format Version 12.00
# Visual Studio Version 17
VisualStudioVersion = 17.3.32929.385
MinimumVisualStudioVersion = 10.0.40219.1
Project("{FAE04EC0-301F-11D3-BF4B-00C04F79EFBC}") = "ПР14", "ПР14\ПР14.csproj", "{6BDB6AEF-CA3F-4961-ADC8-BD2B6AB86681}"
EndProject
Global
	GlobalSection(SolutionConfigurationPlatforms) = preSolution
		Debug|Any CPU = Debug|Any CPU
		Release|Any CPU = Release|Any CPU
	EndGlobalSection
	GlobalSection(ProjectConfigurationPlatforms) = postSolution
		{6BDB6AEF-CA3F-4961-ADC8-BD2B6AB86681}.Debug|Any CPU.ActiveCfg = Debug|Any CPU
		{6BDB6AEF-CA3F-4961-ADC8-BD2B6AB86681}.Debug|Any CPU.Build.0 = Debug|Any CPU
		{6BDB6AEF-CA3F-4961-ADC8-BD2B6AB86681}.Release|Any CPU.ActiveCfg = Release|Any CPU
		{6BDB6AEF-CA3F-4961-ADC8-BD2B6AB86681}.Release|Any CPU.Build.0 = Release|Any CPU
	EndGlobalSection
	GlobalSection(SolutionProperties) = preSolution
		HideSolutionNode = FALSE
	EndGlobalSection
	GlobalSection(ExtensibilityGlobals) = postSolution
		SolutionGuid = {1A367ECD-D5C3-46FF-ABBA-E1F076D8D98E}
	EndGlobalSection
EndGlobal
